// !$*UTF8*$!
{
	archiveVersion = 1;
	classes = {
	};
	objectVersion = 50;
	objects = {

/* Begin PBXBuildFile section */
		FA74BE0C25069834008E74FB /* AppDelegate.swift in Sources */ = {isa = PBXBuildFile; fileRef = FA74BE0B25069834008E74FB /* AppDelegate.swift */; };
		FA74BE0E25069834008E74FB /* WorkoutVC.swift in Sources */ = {isa = PBXBuildFile; fileRef = FA74BE0D25069834008E74FB /* WorkoutVC.swift */; };
		FA74BE1325069837008E74FB /* Assets.xcassets in Resources */ = {isa = PBXBuildFile; fileRef = FA74BE1225069837008E74FB /* Assets.xcassets */; };
		FA74BE1625069837008E74FB /* LaunchScreen.storyboard in Resources */ = {isa = PBXBuildFile; fileRef = FA74BE1425069837008E74FB /* LaunchScreen.storyboard */; };
		FA74BE23250776D6008E74FB /* UIColor+Custom.swift in Sources */ = {isa = PBXBuildFile; fileRef = FA74BE22250776D6008E74FB /* UIColor+Custom.swift */; };
		FA74BE2525077E90008E74FB /* CardView.swift in Sources */ = {isa = PBXBuildFile; fileRef = FA74BE2425077E90008E74FB /* CardView.swift */; };
		FA74BE272507941B008E74FB /* ContainerView.swift in Sources */ = {isa = PBXBuildFile; fileRef = FA74BE262507941B008E74FB /* ContainerView.swift */; };
		FA74BE292508A1E9008E74FB /* LabelWithPostfix.swift in Sources */ = {isa = PBXBuildFile; fileRef = FA74BE282508A1E9008E74FB /* LabelWithPostfix.swift */; };
/* End PBXBuildFile section */

/* Begin PBXFileReference section */
		FA74BE0825069834008E74FB /* TheFitnessApp.app */ = {isa = PBXFileReference; explicitFileType = wrapper.application; includeInIndex = 0; path = TheFitnessApp.app; sourceTree = BUILT_PRODUCTS_DIR; };
		FA74BE0B25069834008E74FB /* AppDelegate.swift */ = {isa = PBXFileReference; lastKnownFileType = sourcecode.swift; path = AppDelegate.swift; sourceTree = "<group>"; };
		FA74BE0D25069834008E74FB /* WorkoutVC.swift */ = {isa = PBXFileReference; lastKnownFileType = sourcecode.swift; path = WorkoutVC.swift; sourceTree = "<group>"; };
		FA74BE1225069837008E74FB /* Assets.xcassets */ = {isa = PBXFileReference; lastKnownFileType = folder.assetcatalog; path = Assets.xcassets; sourceTree = "<group>"; };
		FA74BE1525069837008E74FB /* Base */ = {isa = PBXFileReference; lastKnownFileType = file.storyboard; name = Base; path = Base.lproj/LaunchScreen.storyboard; sourceTree = "<group>"; };
		FA74BE1725069837008E74FB /* Info.plist */ = {isa = PBXFileReference; lastKnownFileType = text.plist.xml; path = Info.plist; sourceTree = "<group>"; };
		FA74BE22250776D6008E74FB /* UIColor+Custom.swift */ = {isa = PBXFileReference; lastKnownFileType = sourcecode.swift; path = "UIColor+Custom.swift"; sourceTree = "<group>"; };
		FA74BE2425077E90008E74FB /* CardView.swift */ = {isa = PBXFileReference; lastKnownFileType = sourcecode.swift; path = CardView.swift; sourceTree = "<group>"; };
		FA74BE262507941B008E74FB /* ContainerView.swift */ = {isa = PBXFileReference; lastKnownFileType = sourcecode.swift; path = ContainerView.swift; sourceTree = "<group>"; };
		FA74BE282508A1E9008E74FB /* LabelWithPostfix.swift */ = {isa = PBXFileReference; lastKnownFileType = sourcecode.swift; path = LabelWithPostfix.swift; sourceTree = "<group>"; };
/* End PBXFileReference section */

/* Begin PBXFrameworksBuildPhase section */
		FA74BE0525069834008E74FB /* Frameworks */ = {
			isa = PBXFrameworksBuildPhase;
			buildActionMask = 2147483647;
			files = (
			);
			runOnlyForDeploymentPostprocessing = 0;
		};
/* End PBXFrameworksBuildPhase section */

/* Begin PBXGroup section */
		FA74BDFF25069834008E74FB = {
			isa = PBXGroup;
			children = (
				FA74BE0A25069834008E74FB /* TheFitnessApp */,
				FA74BE0925069834008E74FB /* Products */,
			);
			sourceTree = "<group>";
		};
		FA74BE0925069834008E74FB /* Products */ = {
			isa = PBXGroup;
			children = (
				FA74BE0825069834008E74FB /* TheFitnessApp.app */,
			);
			name = Products;
			sourceTree = "<group>";
		};
		FA74BE0A25069834008E74FB /* TheFitnessApp */ = {
			isa = PBXGroup;
			children = (
				FA74BE0B25069834008E74FB /* AppDelegate.swift */,
				FA74BE1D25069D8F008E74FB /* Workout */,
				FA74BE21250776BC008E74FB /* Utils */,
				FA74BE262507941B008E74FB /* ContainerView.swift */,
				FA74BE1225069837008E74FB /* Assets.xcassets */,
				FA74BE1425069837008E74FB /* LaunchScreen.storyboard */,
				FA74BE1725069837008E74FB /* Info.plist */,
				FA74BE282508A1E9008E74FB /* LabelWithPostfix.swift */,
			);
			path = TheFitnessApp;
			sourceTree = "<group>";
		};
		FA74BE1D25069D8F008E74FB /* Workout */ = {
			isa = PBXGroup;
			children = (
				FA74BE2025069E28008E74FB /* Model */,
				FA74BE1F25069E19008E74FB /* View */,
				FA74BE1E25069E15008E74FB /* Controller */,
			);
			path = Workout;
			sourceTree = "<group>";
		};
		FA74BE1E25069E15008E74FB /* Controller */ = {
			isa = PBXGroup;
			children = (
				FA74BE0D25069834008E74FB /* WorkoutVC.swift */,
			);
			path = Controller;
			sourceTree = "<group>";
		};
		FA74BE1F25069E19008E74FB /* View */ = {
			isa = PBXGroup;
			children = (
				FA74BE2425077E90008E74FB /* CardView.swift */,
			);
			path = View;
			sourceTree = "<group>";
		};
		FA74BE2025069E28008E74FB /* Model */ = {
			isa = PBXGroup;
			children = (
			);
			path = Model;
			sourceTree = "<group>";
		};
		FA74BE21250776BC008E74FB /* Utils */ = {
			isa = PBXGroup;
			children = (
				FA74BE22250776D6008E74FB /* UIColor+Custom.swift */,
			);
			path = Utils;
			sourceTree = "<group>";
		};
/* End PBXGroup section */

/* Begin PBXNativeTarget section */
		FA74BE0725069834008E74FB /* TheFitnessApp */ = {
			isa = PBXNativeTarget;
			buildConfigurationList = FA74BE1A25069837008E74FB /* Build configuration list for PBXNativeTarget "TheFitnessApp" */;
			buildPhases = (
				FA74BE0425069834008E74FB /* Sources */,
				FA74BE0525069834008E74FB /* Frameworks */,
				FA74BE0625069834008E74FB /* Resources */,
			);
			buildRules = (
			);
			dependencies = (
			);
			name = TheFitnessApp;
			productName = TheFitnessApp;
			productReference = FA74BE0825069834008E74FB /* TheFitnessApp.app */;
			productType = "com.apple.product-type.application";
		};
/* End PBXNativeTarget section */

/* Begin PBXProject section */
		FA74BE0025069834008E74FB /* Project object */ = {
			isa = PBXProject;
			attributes = {
				LastSwiftUpdateCheck = 1000;
				LastUpgradeCheck = 1000;
				ORGANIZATIONNAME = MacBook;
				TargetAttributes = {
					FA74BE0725069834008E74FB = {
						CreatedOnToolsVersion = 10.0;
					};
				};
			};
			buildConfigurationList = FA74BE0325069834008E74FB /* Build configuration list for PBXProject "TheFitnessApp" */;
			compatibilityVersion = "Xcode 9.3";
			developmentRegion = en;
			hasScannedForEncodings = 0;
			knownRegions = (
				en,
				Base,
			);
			mainGroup = FA74BDFF25069834008E74FB;
			productRefGroup = FA74BE0925069834008E74FB /* Products */;
			projectDirPath = "";
			projectRoot = "";
			targets = (
				FA74BE0725069834008E74FB /* TheFitnessApp */,
			);
		};
/* End PBXProject section */

/* Begin PBXResourcesBuildPhase section */
		FA74BE0625069834008E74FB /* Resources */ = {
			isa = PBXResourcesBuildPhase;
			buildActionMask = 2147483647;
			files = (
				FA74BE1625069837008E74FB /* LaunchScreen.storyboard in Resources */,
				FA74BE1325069837008E74FB /* Assets.xcassets in Resources */,
			);
			runOnlyForDeploymentPostprocessing = 0;
		};
/* End PBXResourcesBuildPhase section */

/* Begin PBXSourcesBuildPhase section */
		FA74BE0425069834008E74FB /* Sources */ = {
			isa = PBXSourcesBuildPhase;
			buildActionMask = 2147483647;
			files = (
				FA74BE292508A1E9008E74FB /* LabelWithPostfix.swift in Sources */,
				FA74BE272507941B008E74FB /* ContainerView.swift in Sources */,
				FA74BE0E25069834008E74FB /* WorkoutVC.swift in Sources */,
				FA74BE0C25069834008E74FB /* AppDelegate.swift in Sources */,
				FA74BE2525077E90008E74FB /* CardView.swift in Sources */,
				FA74BE23250776D6008E74FB /* UIColor+Custom.swift in Sources */,
			);
			runOnlyForDeploymentPostprocessing = 0;
		};
/* End PBXSourcesBuildPhase section */

/* Begin PBXVariantGroup section */
		FA74BE1425069837008E74FB /* LaunchScreen.storyboard */ = {
			isa = PBXVariantGroup;
			children = (
				FA74BE1525069837008E74FB /* Base */,
			);
			name = LaunchScreen.storyboard;
			sourceTree = "<group>";
		};
/* End PBXVariantGroup section */

/* Begin XCBuildConfiguration section */
		FA74BE1825069837008E74FB /* Debug */ = {
			isa = XCBuildConfiguration;
			buildSettings = {
				ALWAYS_SEARCH_USER_PATHS = NO;
				CLANG_ANALYZER_NONNULL = YES;
				CLANG_ANALYZER_NUMBER_OBJECT_CONVERSION = YES_AGGRESSIVE;
				CLANG_CXX_LANGUAGE_STANDARD = "gnu++14";
				CLANG_CXX_LIBRARY = "libc++";
				CLANG_ENABLE_MODULES = YES;
				CLANG_ENABLE_OBJC_ARC = YES;
				CLANG_ENABLE_OBJC_WEAK = YES;
				CLANG_WARN_BLOCK_CAPTURE_AUTORELEASING = YES;
				CLANG_WARN_BOOL_CONVERSION = YES;
				CLANG_WARN_COMMA = YES;
				CLANG_WARN_CONSTANT_CONVERSION = YES;
				CLANG_WARN_DEPRECATED_OBJC_IMPLEMENTATIONS = YES;
				CLANG_WARN_DIRECT_OBJC_ISA_USAGE = YES_ERROR;
				CLANG_WARN_DOCUMENTATION_COMMENTS = YES;
				CLANG_WARN_EMPTY_BODY = YES;
				CLANG_WARN_ENUM_CONVERSION = YES;
				CLANG_WARN_INFINITE_RECURSION = YES;
				CLANG_WARN_INT_CONVERSION = YES;
				CLANG_WARN_NON_LITERAL_NULL_CONVERSION = YES;
				CLANG_WARN_OBJC_IMPLICIT_RETAIN_SELF = YES;
				CLANG_WARN_OBJC_LITERAL_CONVERSION = YES;
				CLANG_WARN_OBJC_ROOT_CLASS = YES_ERROR;
				CLANG_WARN_RANGE_LOOP_ANALYSIS = YES;
				CLANG_WARN_STRICT_PROTOTYPES = YES;
				CLANG_WARN_SUSPICIOUS_MOVE = YES;
				CLANG_WARN_UNGUARDED_AVAILABILITY = YES_AGGRESSIVE;
				CLANG_WARN_UNREACHABLE_CODE = YES;
				CLANG_WARN__DUPLICATE_METHOD_MATCH = YES;
				CODE_SIGN_IDENTITY = "iPhone Developer";
				COPY_PHASE_STRIP = NO;
				DEBUG_INFORMATION_FORMAT = dwarf;
				ENABLE_STRICT_OBJC_MSGSEND = YES;
				ENABLE_TESTABILITY = YES;
				GCC_C_LANGUAGE_STANDARD = gnu11;
				GCC_DYNAMIC_NO_PIC = NO;
				GCC_NO_COMMON_BLOCKS = YES;
				GCC_OPTIMIZATION_LEVEL = 0;
				GCC_PREPROCESSOR_DEFINITIONS = (
					"DEBUG=1",
					"$(inherited)",
				);
				GCC_WARN_64_TO_32_BIT_CONVERSION = YES;
				GCC_WARN_ABOUT_RETURN_TYPE = YES_ERROR;
				GCC_WARN_UNDECLARED_SELECTOR = YES;
				GCC_WARN_UNINITIALIZED_AUTOS = YES_AGGRESSIVE;
				GCC_WARN_UNUSED_FUNCTION = YES;
				GCC_WARN_UNUSED_VARIABLE = YES;
				IPHONEOS_DEPLOYMENT_TARGET = 12.0;
				MTL_ENABLE_DEBUG_INFO = INCLUDE_SOURCE;
				MTL_FAST_MATH = YES;
				ONLY_ACTIVE_ARCH = YES;
				SDKROOT = iphoneos;
				SWIFT_ACTIVE_COMPILATION_CONDITIONS = DEBUG;
				SWIFT_OPTIMIZATION_LEVEL = "-Onone";
			};
			name = Debug;
		};
		FA74BE1925069837008E74FB /* Release */ = {
			isa = XCBuildConfiguration;
			buildSettings = {
				ALWAYS_SEARCH_USER_PATHS = NO;
				CLANG_ANALYZER_NONNULL = YES;
				CLANG_ANALYZER_NUMBER_OBJECT_CONVERSION = YES_AGGRESSIVE;
				CLANG_CXX_LANGUAGE_STANDARD = "gnu++14";
				CLANG_CXX_LIBRARY = "libc++";
				CLANG_ENABLE_MODULES = YES;
				CLANG_ENABLE_OBJC_ARC = YES;
				CLANG_ENABLE_OBJC_WEAK = YES;
				CLANG_WARN_BLOCK_CAPTURE_AUTORELEASING = YES;
				CLANG_WARN_BOOL_CONVERSION = YES;
				CLANG_WARN_COMMA = YES;
				CLANG_WARN_CONSTANT_CONVERSION = YES;
				CLANG_WARN_DEPRECATED_OBJC_IMPLEMENTATIONS = YES;
				CLANG_WARN_DIRECT_OBJC_ISA_USAGE = YES_ERROR;
				CLANG_WARN_DOCUMENTATION_COMMENTS = YES;
				CLANG_WARN_EMPTY_BODY = YES;
				CLANG_WARN_ENUM_CONVERSION = YES;
				CLANG_WARN_INFINITE_RECURSION = YES;
				CLANG_WARN_INT_CONVERSION = YES;
				CLANG_WARN_NON_LITERAL_NULL_CONVERSION = YES;
				CLANG_WARN_OBJC_IMPLICIT_RETAIN_SELF = YES;
				CLANG_WARN_OBJC_LITERAL_CONVERSION = YES;
				CLANG_WARN_OBJC_ROOT_CLASS = YES_ERROR;
				CLANG_WARN_RANGE_LOOP_ANALYSIS = YES;
				CLANG_WARN_STRICT_PROTOTYPES = YES;
				CLANG_WARN_SUSPICIOUS_MOVE = YES;
				CLANG_WARN_UNGUARDED_AVAILABILITY = YES_AGGRESSIVE;
				CLANG_WARN_UNREACHABLE_CODE = YES;
				CLANG_WARN__DUPLICATE_METHOD_MATCH = YES;
				CODE_SIGN_IDENTITY = "iPhone Developer";
				COPY_PHASE_STRIP = NO;
				DEBUG_INFORMATION_FORMAT = "dwarf-with-dsym";
				ENABLE_NS_ASSERTIONS = NO;
				ENABLE_STRICT_OBJC_MSGSEND = YES;
				GCC_C_LANGUAGE_STANDARD = gnu11;
				GCC_NO_COMMON_BLOCKS = YES;
				GCC_WARN_64_TO_32_BIT_CONVERSION = YES;
				GCC_WARN_ABOUT_RETURN_TYPE = YES_ERROR;
				GCC_WARN_UNDECLARED_SELECTOR = YES;
				GCC_WARN_UNINITIALIZED_AUTOS = YES_AGGRESSIVE;
				GCC_WARN_UNUSED_FUNCTION = YES;
				GCC_WARN_UNUSED_VARIABLE = YES;
				IPHONEOS_DEPLOYMENT_TARGET = 12.0;
				MTL_ENABLE_DEBUG_INFO = NO;
				MTL_FAST_MATH = YES;
				SDKROOT = iphoneos;
				SWIFT_COMPILATION_MODE = wholemodule;
				SWIFT_OPTIMIZATION_LEVEL = "-O";
				VALIDATE_PRODUCT = YES;
			};
			name = Release;
		};
		FA74BE1B25069837008E74FB /* Debug */ = {
			isa = XCBuildConfiguration;
			buildSettings = {
				ASSETCATALOG_COMPILER_APPICON_NAME = AppIcon;
				CODE_SIGN_STYLE = Automatic;
				DEVELOPMENT_TEAM = 9SAKD3D8J6;
				INFOPLIST_FILE = TheFitnessApp/Info.plist;
				LD_RUNPATH_SEARCH_PATHS = (
					"$(inherited)",
					"@executable_path/Frameworks",
				);
				PRODUCT_BUNDLE_IDENTIFIER = "katrori-net.TheFitnessApp";
				PRODUCT_NAME = "$(TARGET_NAME)";
				SWIFT_VERSION = 4.2;
				TARGETED_DEVICE_FAMILY = 1;
			};
			name = Debug;
		};
		FA74BE1C25069837008E74FB /* Release */ = {
			isa = XCBuildConfiguration;
			buildSettings = {
				ASSETCATALOG_COMPILER_APPICON_NAME = AppIcon;
				CODE_SIGN_STYLE = Automatic;
				DEVELOPMENT_TEAM = 9SAKD3D8J6;
				INFOPLIST_FILE = TheFitnessApp/Info.plist;
				LD_RUNPATH_SEARCH_PATHS = (
					"$(inherited)",
					"@executable_path/Frameworks",
				);
				PRODUCT_BUNDLE_IDENTIFIER = "katrori-net.TheFitnessApp";
				PRODUCT_NAME = "$(TARGET_NAME)";
				SWIFT_VERSION = 4.2;
				TARGETED_DEVICE_FAMILY = 1;
			};
			name = Release;
		};
/* End XCBuildConfiguration section */

/* Begin XCConfigurationList section */
		FA74BE0325069834008E74FB /* Build configuration list for PBXProject "TheFitnessApp" */ = {
			isa = XCConfigurationList;
			buildConfigurations = (
				FA74BE1825069837008E74FB /* Debug */,
				FA74BE1925069837008E74FB /* Release */,
			);
			defaultConfigurationIsVisible = 0;
			defaultConfigurationName = Release;
		};
		FA74BE1A25069837008E74FB /* Build configuration list for PBXNativeTarget "TheFitnessApp" */ = {
			isa = XCConfigurationList;
			buildConfigurations = (
				FA74BE1B25069837008E74FB /* Debug */,
				FA74BE1C25069837008E74FB /* Release */,
			);
			defaultConfigurationIsVisible = 0;
			defaultConfigurationName = Release;
		};
/* End XCConfigurationList section */
	};
	rootObject = FA74BE0025069834008E74FB /* Project object */;
}
